
Microsoft Visual Studio Solution File, Format Version 12.00
# Visual Studio 14
VisualStudioVersion = 14.0.23107.0
MinimumVisualStudioVersion = 10.0.40219.1
Project("{FAE04EC0-301F-11D3-BF4B-00C04F79EFBC}") = "EliteTrader", "EliteTrader\EliteTrader.csproj", "{F8E44EF4-D0A6-40E0-90B7-B4A33CCBD714}"
EndProject
Project("{FAE04EC0-301F-11D3-BF4B-00C04F79EFBC}") = "EliteTrader-CLI", "EliteTrader-CLI\EliteTrader-CLI.csproj", "{18ED4FD2-F50E-474A-A0C3-CED2C4353D7E}"
EndProject
Project("{FAE04EC0-301F-11D3-BF4B-00C04F79EFBC}") = "EliteTrader.test", "EliteTrader.test\EliteTrader.test.csproj", "{6AF381DC-8A88-44CA-8103-BE7411BC5966}"
EndProject
Global
	GlobalSection(SolutionConfigurationPlatforms) = preSolution
		Debug|Any CPU = Debug|Any CPU
		Release|Any CPU = Release|Any CPU
	EndGlobalSection
	GlobalSection(ProjectConfigurationPlatforms) = postSolution
		{F8E44EF4-D0A6-40E0-90B7-B4A33CCBD714}.Debug|Any CPU.ActiveCfg = Debug|Any CPU
		{F8E44EF4-D0A6-40E0-90B7-B4A33CCBD714}.Debug|Any CPU.Build.0 = Debug|Any CPU
		{F8E44EF4-D0A6-40E0-90B7-B4A33CCBD714}.Release|Any CPU.ActiveCfg = Release|Any CPU
		{F8E44EF4-D0A6-40E0-90B7-B4A33CCBD714}.Release|Any CPU.Build.0 = Release|Any CPU
		{18ED4FD2-F50E-474A-A0C3-CED2C4353D7E}.Debug|Any CPU.ActiveCfg = Debug|Any CPU
		{18ED4FD2-F50E-474A-A0C3-CED2C4353D7E}.Debug|Any CPU.Build.0 = Debug|Any CPU
		{18ED4FD2-F50E-474A-A0C3-CED2C4353D7E}.Release|Any CPU.ActiveCfg = Release|Any CPU
		{18ED4FD2-F50E-474A-A0C3-CED2C4353D7E}.Release|Any CPU.Build.0 = Release|Any CPU
		{6AF381DC-8A88-44CA-8103-BE7411BC5966}.Debug|Any CPU.ActiveCfg = Debug|Any CPU
		{6AF381DC-8A88-44CA-8103-BE7411BC5966}.Debug|Any CPU.Build.0 = Debug|Any CPU
		{6AF381DC-8A88-44CA-8103-BE7411BC5966}.Release|Any CPU.ActiveCfg = Release|Any CPU
		{6AF381DC-8A88-44CA-8103-BE7411BC5966}.Release|Any CPU.Build.0 = Release|Any CPU
	EndGlobalSection
	GlobalSection(SolutionProperties) = preSolution
		HideSolutionNode = FALSE
	EndGlobalSection
EndGlobal
